{
  "name": "test-frappe-charts",
  "version": "0.1.0",
  "lockfileVersion": 1,
  "dependencies": {
    "frappe-charts": {
      "version": "0.0.1",
      "resolved": "https://registry.npmjs.org/frappe-charts/-/frappe-charts-0.0.1.tgz",
      "integrity": "sha512-BKLahAUAXRIe/4wkam0l2VgORwwbDMnvOFQmYd6lOPMUkkzZWz2F/1JVL39BotJdft9HZLr8ZGOipiMnfoAziA=="
    }
  }
}
